// !$*UTF8*$!
{
	archiveVersion = 1;
	classes = {
	};
	objectVersion = 50;
	objects = {

/* Begin PBXBuildFile section */
		7270E21D26714D3100BDA379 /* FlightInfoViewController.swift in Sources */ = {isa = PBXBuildFile; fileRef = 7270E21C26714D3100BDA379 /* FlightInfoViewController.swift */; };
		7270E22126714D3D00BDA379 /* FlightInfo.storyboard in Resources */ = {isa = PBXBuildFile; fileRef = 7270E22026714D3D00BDA379 /* FlightInfo.storyboard */; };
		72B376602671EE8300A2E60A /* NetworkManager.swift in Sources */ = {isa = PBXBuildFile; fileRef = 72B3765F2671EE8300A2E60A /* NetworkManager.swift */; };
		72B376652671EEA600A2E60A /* Constants.swift in Sources */ = {isa = PBXBuildFile; fileRef = 72B376642671EEA600A2E60A /* Constants.swift */; };
		72B376692671F10C00A2E60A /* FlightAppResponse.swift in Sources */ = {isa = PBXBuildFile; fileRef = 72B376682671F10C00A2E60A /* FlightAppResponse.swift */; };
		72B3766C2671F39400A2E60A /* FlightDataModel.swift in Sources */ = {isa = PBXBuildFile; fileRef = 72B3766B2671F39400A2E60A /* FlightDataModel.swift */; };
		72B3766F2671F41C00A2E60A /* FlightStatusModel.swift in Sources */ = {isa = PBXBuildFile; fileRef = 72B3766E2671F41C00A2E60A /* FlightStatusModel.swift */; };
		72B376722671F51600A2E60A /* DepartureModel.swift in Sources */ = {isa = PBXBuildFile; fileRef = 72B376712671F51600A2E60A /* DepartureModel.swift */; };
		72B376752671F57800A2E60A /* ArrivalModel.swift in Sources */ = {isa = PBXBuildFile; fileRef = 72B376742671F57800A2E60A /* ArrivalModel.swift */; };
		72B376792671F60100A2E60A /* AirlineModel.swift in Sources */ = {isa = PBXBuildFile; fileRef = 72B376782671F60100A2E60A /* AirlineModel.swift */; };
		72B37682267217BE00A2E60A /* FlightInfoCustomTableViewCell.swift in Sources */ = {isa = PBXBuildFile; fileRef = 72B37680267217BE00A2E60A /* FlightInfoCustomTableViewCell.swift */; };
		72B37683267217BE00A2E60A /* FlightInfoCustomTableViewCell.xib in Resources */ = {isa = PBXBuildFile; fileRef = 72B37681267217BE00A2E60A /* FlightInfoCustomTableViewCell.xib */; };
		72B376872672336200A2E60A /* FlightDetailViewController.swift in Sources */ = {isa = PBXBuildFile; fileRef = 72B376862672336200A2E60A /* FlightDetailViewController.swift */; };
		72B3768B267233A900A2E60A /* FlightDetail.storyboard in Resources */ = {isa = PBXBuildFile; fileRef = 72B3768A267233A900A2E60A /* FlightDetail.storyboard */; };
		72B3769326723A3300A2E60A /* String+Ext.swift in Sources */ = {isa = PBXBuildFile; fileRef = 72B3769226723A3300A2E60A /* String+Ext.swift */; };
		72D3762A267117C30019EA1E /* SplashViewController.swift in Sources */ = {isa = PBXBuildFile; fileRef = 72D37629267117C30019EA1E /* SplashViewController.swift */; };
		72F1CD262670D77700D3ACEC /* AppDelegate.swift in Sources */ = {isa = PBXBuildFile; fileRef = 72F1CD252670D77700D3ACEC /* AppDelegate.swift */; };
		72F1CD282670D77700D3ACEC /* SceneDelegate.swift in Sources */ = {isa = PBXBuildFile; fileRef = 72F1CD272670D77700D3ACEC /* SceneDelegate.swift */; };
		72F1CD2A2670D77700D3ACEC /* ViewController.swift in Sources */ = {isa = PBXBuildFile; fileRef = 72F1CD292670D77700D3ACEC /* ViewController.swift */; };
		72F1CD2D2670D77700D3ACEC /* Main.storyboard in Resources */ = {isa = PBXBuildFile; fileRef = 72F1CD2B2670D77700D3ACEC /* Main.storyboard */; };
		72F1CD2F2670D77B00D3ACEC /* Assets.xcassets in Resources */ = {isa = PBXBuildFile; fileRef = 72F1CD2E2670D77B00D3ACEC /* Assets.xcassets */; };
		72F1CD322670D77B00D3ACEC /* LaunchScreen.storyboard in Resources */ = {isa = PBXBuildFile; fileRef = 72F1CD302670D77B00D3ACEC /* LaunchScreen.storyboard */; };
		72F1CD402670F1A700D3ACEC /* Roboto-Regular.ttf in Resources */ = {isa = PBXBuildFile; fileRef = 72F1CD3C2670F1A700D3ACEC /* Roboto-Regular.ttf */; };
		72F1CD412670F1A700D3ACEC /* Roboto-Black.ttf in Resources */ = {isa = PBXBuildFile; fileRef = 72F1CD3D2670F1A700D3ACEC /* Roboto-Black.ttf */; };
		72F1CD422670F1A700D3ACEC /* Roboto-Medium.ttf in Resources */ = {isa = PBXBuildFile; fileRef = 72F1CD3E2670F1A700D3ACEC /* Roboto-Medium.ttf */; };
		72F1CD432670F1A700D3ACEC /* Roboto-Bold.ttf in Resources */ = {isa = PBXBuildFile; fileRef = 72F1CD3F2670F1A700D3ACEC /* Roboto-Bold.ttf */; };
		72F1CD482670F52300D3ACEC /* LoginPage.storyboard in Resources */ = {isa = PBXBuildFile; fileRef = 72F1CD472670F52300D3ACEC /* LoginPage.storyboard */; };
		72F1CD4B2670F53900D3ACEC /* LoginViewController.swift in Sources */ = {isa = PBXBuildFile; fileRef = 72F1CD4A2670F53900D3ACEC /* LoginViewController.swift */; };
/* End PBXBuildFile section */

/* Begin PBXFileReference section */
		7270E21C26714D3100BDA379 /* FlightInfoViewController.swift */ = {isa = PBXFileReference; lastKnownFileType = sourcecode.swift; path = FlightInfoViewController.swift; sourceTree = "<group>"; };
		7270E22026714D3D00BDA379 /* FlightInfo.storyboard */ = {isa = PBXFileReference; lastKnownFileType = file.storyboard; path = FlightInfo.storyboard; sourceTree = "<group>"; };
		72B3765F2671EE8300A2E60A /* NetworkManager.swift */ = {isa = PBXFileReference; lastKnownFileType = sourcecode.swift; path = NetworkManager.swift; sourceTree = "<group>"; };
		72B376642671EEA600A2E60A /* Constants.swift */ = {isa = PBXFileReference; lastKnownFileType = sourcecode.swift; path = Constants.swift; sourceTree = "<group>"; };
		72B376682671F10C00A2E60A /* FlightAppResponse.swift */ = {isa = PBXFileReference; lastKnownFileType = sourcecode.swift; path = FlightAppResponse.swift; sourceTree = "<group>"; };
		72B3766B2671F39400A2E60A /* FlightDataModel.swift */ = {isa = PBXFileReference; lastKnownFileType = sourcecode.swift; path = FlightDataModel.swift; sourceTree = "<group>"; };
		72B3766E2671F41C00A2E60A /* FlightStatusModel.swift */ = {isa = PBXFileReference; lastKnownFileType = sourcecode.swift; path = FlightStatusModel.swift; sourceTree = "<group>"; };
		72B376712671F51600A2E60A /* DepartureModel.swift */ = {isa = PBXFileReference; lastKnownFileType = sourcecode.swift; path = DepartureModel.swift; sourceTree = "<group>"; };
		72B376742671F57800A2E60A /* ArrivalModel.swift */ = {isa = PBXFileReference; lastKnownFileType = sourcecode.swift; path = ArrivalModel.swift; sourceTree = "<group>"; };
		72B376782671F60100A2E60A /* AirlineModel.swift */ = {isa = PBXFileReference; lastKnownFileType = sourcecode.swift; path = AirlineModel.swift; sourceTree = "<group>"; };
		72B37680267217BE00A2E60A /* FlightInfoCustomTableViewCell.swift */ = {isa = PBXFileReference; lastKnownFileType = sourcecode.swift; path = FlightInfoCustomTableViewCell.swift; sourceTree = "<group>"; };
		72B37681267217BE00A2E60A /* FlightInfoCustomTableViewCell.xib */ = {isa = PBXFileReference; lastKnownFileType = file.xib; path = FlightInfoCustomTableViewCell.xib; sourceTree = "<group>"; };
		72B376862672336200A2E60A /* FlightDetailViewController.swift */ = {isa = PBXFileReference; lastKnownFileType = sourcecode.swift; path = FlightDetailViewController.swift; sourceTree = "<group>"; };
		72B3768A267233A900A2E60A /* FlightDetail.storyboard */ = {isa = PBXFileReference; lastKnownFileType = file.storyboard; path = FlightDetail.storyboard; sourceTree = "<group>"; };
		72B3769226723A3300A2E60A /* String+Ext.swift */ = {isa = PBXFileReference; lastKnownFileType = sourcecode.swift; path = "String+Ext.swift"; sourceTree = "<group>"; };
		72D37629267117C30019EA1E /* SplashViewController.swift */ = {isa = PBXFileReference; lastKnownFileType = sourcecode.swift; path = SplashViewController.swift; sourceTree = "<group>"; };
		72F1CD222670D77700D3ACEC /* FlightApp.app */ = {isa = PBXFileReference; explicitFileType = wrapper.application; includeInIndex = 0; path = FlightApp.app; sourceTree = BUILT_PRODUCTS_DIR; };
		72F1CD252670D77700D3ACEC /* AppDelegate.swift */ = {isa = PBXFileReference; lastKnownFileType = sourcecode.swift; path = AppDelegate.swift; sourceTree = "<group>"; };
		72F1CD272670D77700D3ACEC /* SceneDelegate.swift */ = {isa = PBXFileReference; lastKnownFileType = sourcecode.swift; path = SceneDelegate.swift; sourceTree = "<group>"; };
		72F1CD292670D77700D3ACEC /* ViewController.swift */ = {isa = PBXFileReference; lastKnownFileType = sourcecode.swift; path = ViewController.swift; sourceTree = "<group>"; };
		72F1CD2C2670D77700D3ACEC /* Base */ = {isa = PBXFileReference; lastKnownFileType = file.storyboard; name = Base; path = Base.lproj/Main.storyboard; sourceTree = "<group>"; };
		72F1CD2E2670D77B00D3ACEC /* Assets.xcassets */ = {isa = PBXFileReference; lastKnownFileType = folder.assetcatalog; path = Assets.xcassets; sourceTree = "<group>"; };
		72F1CD312670D77B00D3ACEC /* Base */ = {isa = PBXFileReference; lastKnownFileType = file.storyboard; name = Base; path = Base.lproj/LaunchScreen.storyboard; sourceTree = "<group>"; };
		72F1CD332670D77B00D3ACEC /* Info.plist */ = {isa = PBXFileReference; lastKnownFileType = text.plist.xml; path = Info.plist; sourceTree = "<group>"; };
		72F1CD3C2670F1A700D3ACEC /* Roboto-Regular.ttf */ = {isa = PBXFileReference; lastKnownFileType = file; path = "Roboto-Regular.ttf"; sourceTree = "<group>"; };
		72F1CD3D2670F1A700D3ACEC /* Roboto-Black.ttf */ = {isa = PBXFileReference; lastKnownFileType = file; path = "Roboto-Black.ttf"; sourceTree = "<group>"; };
		72F1CD3E2670F1A700D3ACEC /* Roboto-Medium.ttf */ = {isa = PBXFileReference; lastKnownFileType = file; path = "Roboto-Medium.ttf"; sourceTree = "<group>"; };
		72F1CD3F2670F1A700D3ACEC /* Roboto-Bold.ttf */ = {isa = PBXFileReference; lastKnownFileType = file; path = "Roboto-Bold.ttf"; sourceTree = "<group>"; };
		72F1CD472670F52300D3ACEC /* LoginPage.storyboard */ = {isa = PBXFileReference; lastKnownFileType = file.storyboard; path = LoginPage.storyboard; sourceTree = "<group>"; };
		72F1CD4A2670F53900D3ACEC /* LoginViewController.swift */ = {isa = PBXFileReference; lastKnownFileType = sourcecode.swift; path = LoginViewController.swift; sourceTree = "<group>"; };
/* End PBXFileReference section */

/* Begin PBXFrameworksBuildPhase section */
		72F1CD1F2670D77700D3ACEC /* Frameworks */ = {
			isa = PBXFrameworksBuildPhase;
			buildActionMask = 2147483647;
			files = (
			);
			runOnlyForDeploymentPostprocessing = 0;
		};
/* End PBXFrameworksBuildPhase section */

/* Begin PBXGroup section */
		7270E21B26714D2200BDA379 /* FlightInfo */ = {
			isa = PBXGroup;
			children = (
				72B3767F2672178F00A2E60A /* CustomTableViewCells */,
				7270E21C26714D3100BDA379 /* FlightInfoViewController.swift */,
				7270E22026714D3D00BDA379 /* FlightInfo.storyboard */,
			);
			path = FlightInfo;
			sourceTree = "<group>";
		};
		72B3765E2671EE5800A2E60A /* NetworkServices */ = {
			isa = PBXGroup;
			children = (
				72B3765F2671EE8300A2E60A /* NetworkManager.swift */,
			);
			path = NetworkServices;
			sourceTree = "<group>";
		};
		72B376632671EE9D00A2E60A /* Utilities */ = {
			isa = PBXGroup;
			children = (
				72B376642671EEA600A2E60A /* Constants.swift */,
			);
			path = Utilities;
			sourceTree = "<group>";
		};
		72B376672671F0D600A2E60A /* Models */ = {
			isa = PBXGroup;
			children = (
				72B376682671F10C00A2E60A /* FlightAppResponse.swift */,
				72B3766B2671F39400A2E60A /* FlightDataModel.swift */,
				72B376712671F51600A2E60A /* DepartureModel.swift */,
				72B376742671F57800A2E60A /* ArrivalModel.swift */,
				72B3766E2671F41C00A2E60A /* FlightStatusModel.swift */,
				72B376782671F60100A2E60A /* AirlineModel.swift */,
			);
			path = Models;
			sourceTree = "<group>";
		};
		72B3767F2672178F00A2E60A /* CustomTableViewCells */ = {
			isa = PBXGroup;
			children = (
				72B37680267217BE00A2E60A /* FlightInfoCustomTableViewCell.swift */,
				72B37681267217BE00A2E60A /* FlightInfoCustomTableViewCell.xib */,
			);
			path = CustomTableViewCells;
			sourceTree = "<group>";
		};
		72B376852672331700A2E60A /* FlightDetail */ = {
			isa = PBXGroup;
			children = (
				72B376862672336200A2E60A /* FlightDetailViewController.swift */,
				72B3768A267233A900A2E60A /* FlightDetail.storyboard */,
			);
			path = FlightDetail;
			sourceTree = "<group>";
		};
		72B3768D267239ED00A2E60A /* Extensions */ = {
			isa = PBXGroup;
			children = (
				72B3769226723A3300A2E60A /* String+Ext.swift */,
			);
			path = Extensions;
			sourceTree = "<group>";
		};
		72D37626267116900019EA1E /* Splash */ = {
			isa = PBXGroup;
			children = (
				72D37629267117C30019EA1E /* SplashViewController.swift */,
			);
			path = Splash;
			sourceTree = "<group>";
		};
		72F1CD192670D77700D3ACEC = {
			isa = PBXGroup;
			children = (
				72F1CD242670D77700D3ACEC /* FlightApp */,
				72F1CD232670D77700D3ACEC /* Products */,
			);
			sourceTree = "<group>";
		};
		72F1CD232670D77700D3ACEC /* Products */ = {
			isa = PBXGroup;
			children = (
				72F1CD222670D77700D3ACEC /* FlightApp.app */,
			);
			name = Products;
			sourceTree = "<group>";
		};
		72F1CD242670D77700D3ACEC /* FlightApp */ = {
			isa = PBXGroup;
			children = (
				72B3768D267239ED00A2E60A /* Extensions */,
				72B376632671EE9D00A2E60A /* Utilities */,
				72B3765E2671EE5800A2E60A /* NetworkServices */,
				72B376672671F0D600A2E60A /* Models */,
				72F1CD452670F4F900D3ACEC /* Pages */,
				72F1CD3A2670F0F000D3ACEC /* Resource */,
				72F1CD252670D77700D3ACEC /* AppDelegate.swift */,
				72F1CD272670D77700D3ACEC /* SceneDelegate.swift */,
				72F1CD292670D77700D3ACEC /* ViewController.swift */,
				72F1CD2B2670D77700D3ACEC /* Main.storyboard */,
				72F1CD2E2670D77B00D3ACEC /* Assets.xcassets */,
				72F1CD302670D77B00D3ACEC /* LaunchScreen.storyboard */,
				72F1CD332670D77B00D3ACEC /* Info.plist */,
			);
			path = FlightApp;
			sourceTree = "<group>";
		};
		72F1CD3A2670F0F000D3ACEC /* Resource */ = {
			isa = PBXGroup;
			children = (
				72F1CD3B2670F0F800D3ACEC /* Fonts */,
			);
			path = Resource;
			sourceTree = "<group>";
		};
		72F1CD3B2670F0F800D3ACEC /* Fonts */ = {
			isa = PBXGroup;
			children = (
				72F1CD3D2670F1A700D3ACEC /* Roboto-Black.ttf */,
				72F1CD3F2670F1A700D3ACEC /* Roboto-Bold.ttf */,
				72F1CD3E2670F1A700D3ACEC /* Roboto-Medium.ttf */,
				72F1CD3C2670F1A700D3ACEC /* Roboto-Regular.ttf */,
			);
			path = Fonts;
			sourceTree = "<group>";
		};
		72F1CD452670F4F900D3ACEC /* Pages */ = {
			isa = PBXGroup;
			children = (
				72D37626267116900019EA1E /* Splash */,
				72F1CD462670F50B00D3ACEC /* Login */,
				7270E21B26714D2200BDA379 /* FlightInfo */,
				72B376852672331700A2E60A /* FlightDetail */,
			);
			path = Pages;
			sourceTree = "<group>";
		};
		72F1CD462670F50B00D3ACEC /* Login */ = {
			isa = PBXGroup;
			children = (
				72F1CD472670F52300D3ACEC /* LoginPage.storyboard */,
				72F1CD4A2670F53900D3ACEC /* LoginViewController.swift */,
			);
			path = Login;
			sourceTree = "<group>";
		};
/* End PBXGroup section */

/* Begin PBXNativeTarget section */
		72F1CD212670D77700D3ACEC /* FlightApp */ = {
			isa = PBXNativeTarget;
			buildConfigurationList = 72F1CD362670D77B00D3ACEC /* Build configuration list for PBXNativeTarget "FlightApp" */;
			buildPhases = (
				72F1CD1E2670D77700D3ACEC /* Sources */,
				72F1CD1F2670D77700D3ACEC /* Frameworks */,
				72F1CD202670D77700D3ACEC /* Resources */,
			);
			buildRules = (
			);
			dependencies = (
			);
			name = FlightApp;
			productName = FlightApp;
			productReference = 72F1CD222670D77700D3ACEC /* FlightApp.app */;
			productType = "com.apple.product-type.application";
		};
/* End PBXNativeTarget section */

/* Begin PBXProject section */
		72F1CD1A2670D77700D3ACEC /* Project object */ = {
			isa = PBXProject;
			attributes = {
				LastSwiftUpdateCheck = 1220;
				LastUpgradeCheck = 1220;
				TargetAttributes = {
					72F1CD212670D77700D3ACEC = {
						CreatedOnToolsVersion = 12.2;
					};
				};
			};
			buildConfigurationList = 72F1CD1D2670D77700D3ACEC /* Build configuration list for PBXProject "FlightApp" */;
			compatibilityVersion = "Xcode 9.3";
			developmentRegion = en;
			hasScannedForEncodings = 0;
			knownRegions = (
				en,
				Base,
			);
			mainGroup = 72F1CD192670D77700D3ACEC;
			productRefGroup = 72F1CD232670D77700D3ACEC /* Products */;
			projectDirPath = "";
			projectRoot = "";
			targets = (
				72F1CD212670D77700D3ACEC /* FlightApp */,
			);
		};
/* End PBXProject section */

/* Begin PBXResourcesBuildPhase section */
		72F1CD202670D77700D3ACEC /* Resources */ = {
			isa = PBXResourcesBuildPhase;
			buildActionMask = 2147483647;
			files = (
				72F1CD432670F1A700D3ACEC /* Roboto-Bold.ttf in Resources */,
				72F1CD482670F52300D3ACEC /* LoginPage.storyboard in Resources */,
				72F1CD322670D77B00D3ACEC /* LaunchScreen.storyboard in Resources */,
				7270E22126714D3D00BDA379 /* FlightInfo.storyboard in Resources */,
				72F1CD2F2670D77B00D3ACEC /* Assets.xcassets in Resources */,
				72F1CD422670F1A700D3ACEC /* Roboto-Medium.ttf in Resources */,
				72F1CD412670F1A700D3ACEC /* Roboto-Black.ttf in Resources */,
				72F1CD402670F1A700D3ACEC /* Roboto-Regular.ttf in Resources */,
				72B37683267217BE00A2E60A /* FlightInfoCustomTableViewCell.xib in Resources */,
				72F1CD2D2670D77700D3ACEC /* Main.storyboard in Resources */,
				72B3768B267233A900A2E60A /* FlightDetail.storyboard in Resources */,
			);
			runOnlyForDeploymentPostprocessing = 0;
		};
/* End PBXResourcesBuildPhase section */

/* Begin PBXSourcesBuildPhase section */
		72F1CD1E2670D77700D3ACEC /* Sources */ = {
			isa = PBXSourcesBuildPhase;
			buildActionMask = 2147483647;
			files = (
				7270E21D26714D3100BDA379 /* FlightInfoViewController.swift in Sources */,
				72F1CD4B2670F53900D3ACEC /* LoginViewController.swift in Sources */,
				72B376752671F57800A2E60A /* ArrivalModel.swift in Sources */,
				72B3769326723A3300A2E60A /* String+Ext.swift in Sources */,
				72B3766F2671F41C00A2E60A /* FlightStatusModel.swift in Sources */,
				72B376692671F10C00A2E60A /* FlightAppResponse.swift in Sources */,
				72B376722671F51600A2E60A /* DepartureModel.swift in Sources */,
				72B376872672336200A2E60A /* FlightDetailViewController.swift in Sources */,
				72B3766C2671F39400A2E60A /* FlightDataModel.swift in Sources */,
				72F1CD2A2670D77700D3ACEC /* ViewController.swift in Sources */,
				72B37682267217BE00A2E60A /* FlightInfoCustomTableViewCell.swift in Sources */,
				72B376792671F60100A2E60A /* AirlineModel.swift in Sources */,
				72B376602671EE8300A2E60A /* NetworkManager.swift in Sources */,
				72F1CD262670D77700D3ACEC /* AppDelegate.swift in Sources */,
				72F1CD282670D77700D3ACEC /* SceneDelegate.swift in Sources */,
				72D3762A267117C30019EA1E /* SplashViewController.swift in Sources */,
				72B376652671EEA600A2E60A /* Constants.swift in Sources */,
			);
			runOnlyForDeploymentPostprocessing = 0;
		};
/* End PBXSourcesBuildPhase section */

/* Begin PBXVariantGroup section */
		72F1CD2B2670D77700D3ACEC /* Main.storyboard */ = {
			isa = PBXVariantGroup;
			children = (
				72F1CD2C2670D77700D3ACEC /* Base */,
			);
			name = Main.storyboard;
			sourceTree = "<group>";
		};
		72F1CD302670D77B00D3ACEC /* LaunchScreen.storyboard */ = {
			isa = PBXVariantGroup;
			children = (
				72F1CD312670D77B00D3ACEC /* Base */,
			);
			name = LaunchScreen.storyboard;
			sourceTree = "<group>";
		};
/* End PBXVariantGroup section */

/* Begin XCBuildConfiguration section */
		72F1CD342670D77B00D3ACEC /* Debug */ = {
			isa = XCBuildConfiguration;
			buildSettings = {
				ALWAYS_SEARCH_USER_PATHS = NO;
				CLANG_ANALYZER_NONNULL = YES;
				CLANG_ANALYZER_NUMBER_OBJECT_CONVERSION = YES_AGGRESSIVE;
				CLANG_CXX_LANGUAGE_STANDARD = "gnu++14";
				CLANG_CXX_LIBRARY = "libc++";
				CLANG_ENABLE_MODULES = YES;
				CLANG_ENABLE_OBJC_ARC = YES;
				CLANG_ENABLE_OBJC_WEAK = YES;
				CLANG_WARN_BLOCK_CAPTURE_AUTORELEASING = YES;
				CLANG_WARN_BOOL_CONVERSION = YES;
				CLANG_WARN_COMMA = YES;
				CLANG_WARN_CONSTANT_CONVERSION = YES;
				CLANG_WARN_DEPRECATED_OBJC_IMPLEMENTATIONS = YES;
				CLANG_WARN_DIRECT_OBJC_ISA_USAGE = YES_ERROR;
				CLANG_WARN_DOCUMENTATION_COMMENTS = YES;
				CLANG_WARN_EMPTY_BODY = YES;
				CLANG_WARN_ENUM_CONVERSION = YES;
				CLANG_WARN_INFINITE_RECURSION = YES;
				CLANG_WARN_INT_CONVERSION = YES;
				CLANG_WARN_NON_LITERAL_NULL_CONVERSION = YES;
				CLANG_WARN_OBJC_IMPLICIT_RETAIN_SELF = YES;
				CLANG_WARN_OBJC_LITERAL_CONVERSION = YES;
				CLANG_WARN_OBJC_ROOT_CLASS = YES_ERROR;
				CLANG_WARN_QUOTED_INCLUDE_IN_FRAMEWORK_HEADER = YES;
				CLANG_WARN_RANGE_LOOP_ANALYSIS = YES;
				CLANG_WARN_STRICT_PROTOTYPES = YES;
				CLANG_WARN_SUSPICIOUS_MOVE = YES;
				CLANG_WARN_UNGUARDED_AVAILABILITY = YES_AGGRESSIVE;
				CLANG_WARN_UNREACHABLE_CODE = YES;
				CLANG_WARN__DUPLICATE_METHOD_MATCH = YES;
				COPY_PHASE_STRIP = NO;
				DEBUG_INFORMATION_FORMAT = dwarf;
				ENABLE_STRICT_OBJC_MSGSEND = YES;
				ENABLE_TESTABILITY = YES;
				GCC_C_LANGUAGE_STANDARD = gnu11;
				GCC_DYNAMIC_NO_PIC = NO;
				GCC_NO_COMMON_BLOCKS = YES;
				GCC_OPTIMIZATION_LEVEL = 0;
				GCC_PREPROCESSOR_DEFINITIONS = (
					"DEBUG=1",
					"$(inherited)",
				);
				GCC_WARN_64_TO_32_BIT_CONVERSION = YES;
				GCC_WARN_ABOUT_RETURN_TYPE = YES_ERROR;
				GCC_WARN_UNDECLARED_SELECTOR = YES;
				GCC_WARN_UNINITIALIZED_AUTOS = YES_AGGRESSIVE;
				GCC_WARN_UNUSED_FUNCTION = YES;
				GCC_WARN_UNUSED_VARIABLE = YES;
				IPHONEOS_DEPLOYMENT_TARGET = 14.2;
				MTL_ENABLE_DEBUG_INFO = INCLUDE_SOURCE;
				MTL_FAST_MATH = YES;
				ONLY_ACTIVE_ARCH = YES;
				SDKROOT = iphoneos;
				SWIFT_ACTIVE_COMPILATION_CONDITIONS = DEBUG;
				SWIFT_OPTIMIZATION_LEVEL = "-Onone";
			};
			name = Debug;
		};
		72F1CD352670D77B00D3ACEC /* Release */ = {
			isa = XCBuildConfiguration;
			buildSettings = {
				ALWAYS_SEARCH_USER_PATHS = NO;
				CLANG_ANALYZER_NONNULL = YES;
				CLANG_ANALYZER_NUMBER_OBJECT_CONVERSION = YES_AGGRESSIVE;
				CLANG_CXX_LANGUAGE_STANDARD = "gnu++14";
				CLANG_CXX_LIBRARY = "libc++";
				CLANG_ENABLE_MODULES = YES;
				CLANG_ENABLE_OBJC_ARC = YES;
				CLANG_ENABLE_OBJC_WEAK = YES;
				CLANG_WARN_BLOCK_CAPTURE_AUTORELEASING = YES;
				CLANG_WARN_BOOL_CONVERSION = YES;
				CLANG_WARN_COMMA = YES;
				CLANG_WARN_CONSTANT_CONVERSION = YES;
				CLANG_WARN_DEPRECATED_OBJC_IMPLEMENTATIONS = YES;
				CLANG_WARN_DIRECT_OBJC_ISA_USAGE = YES_ERROR;
				CLANG_WARN_DOCUMENTATION_COMMENTS = YES;
				CLANG_WARN_EMPTY_BODY = YES;
				CLANG_WARN_ENUM_CONVERSION = YES;
				CLANG_WARN_INFINITE_RECURSION = YES;
				CLANG_WARN_INT_CONVERSION = YES;
				CLANG_WARN_NON_LITERAL_NULL_CONVERSION = YES;
				CLANG_WARN_OBJC_IMPLICIT_RETAIN_SELF = YES;
				CLANG_WARN_OBJC_LITERAL_CONVERSION = YES;
				CLANG_WARN_OBJC_ROOT_CLASS = YES_ERROR;
				CLANG_WARN_QUOTED_INCLUDE_IN_FRAMEWORK_HEADER = YES;
				CLANG_WARN_RANGE_LOOP_ANALYSIS = YES;
				CLANG_WARN_STRICT_PROTOTYPES = YES;
				CLANG_WARN_SUSPICIOUS_MOVE = YES;
				CLANG_WARN_UNGUARDED_AVAILABILITY = YES_AGGRESSIVE;
				CLANG_WARN_UNREACHABLE_CODE = YES;
				CLANG_WARN__DUPLICATE_METHOD_MATCH = YES;
				COPY_PHASE_STRIP = NO;
				DEBUG_INFORMATION_FORMAT = "dwarf-with-dsym";
				ENABLE_NS_ASSERTIONS = NO;
				ENABLE_STRICT_OBJC_MSGSEND = YES;
				GCC_C_LANGUAGE_STANDARD = gnu11;
				GCC_NO_COMMON_BLOCKS = YES;
				GCC_WARN_64_TO_32_BIT_CONVERSION = YES;
				GCC_WARN_ABOUT_RETURN_TYPE = YES_ERROR;
				GCC_WARN_UNDECLARED_SELECTOR = YES;
				GCC_WARN_UNINITIALIZED_AUTOS = YES_AGGRESSIVE;
				GCC_WARN_UNUSED_FUNCTION = YES;
				GCC_WARN_UNUSED_VARIABLE = YES;
				IPHONEOS_DEPLOYMENT_TARGET = 14.2;
				MTL_ENABLE_DEBUG_INFO = NO;
				MTL_FAST_MATH = YES;
				SDKROOT = iphoneos;
				SWIFT_COMPILATION_MODE = wholemodule;
				SWIFT_OPTIMIZATION_LEVEL = "-O";
				VALIDATE_PRODUCT = YES;
			};
			name = Release;
		};
		72F1CD372670D77B00D3ACEC /* Debug */ = {
			isa = XCBuildConfiguration;
			buildSettings = {
				ASSETCATALOG_COMPILER_APPICON_NAME = AppIcon;
				ASSETCATALOG_COMPILER_GLOBAL_ACCENT_COLOR_NAME = AccentColor;
				CODE_SIGN_STYLE = Automatic;
				DEVELOPMENT_TEAM = K5SV4NGHT7;
				INFOPLIST_FILE = FlightApp/Info.plist;
				LD_RUNPATH_SEARCH_PATHS = (
					"$(inherited)",
					"@executable_path/Frameworks",
				);
				PRODUCT_BUNDLE_IDENTIFIER = ahmetacar.com.FlightApp;
				PRODUCT_NAME = "$(TARGET_NAME)";
				SWIFT_VERSION = 5.0;
				TARGETED_DEVICE_FAMILY = "1,2";
			};
			name = Debug;
		};
		72F1CD382670D77B00D3ACEC /* Release */ = {
			isa = XCBuildConfiguration;
			buildSettings = {
				ASSETCATALOG_COMPILER_APPICON_NAME = AppIcon;
				ASSETCATALOG_COMPILER_GLOBAL_ACCENT_COLOR_NAME = AccentColor;
				CODE_SIGN_STYLE = Automatic;
				DEVELOPMENT_TEAM = K5SV4NGHT7;
				INFOPLIST_FILE = FlightApp/Info.plist;
				LD_RUNPATH_SEARCH_PATHS = (
					"$(inherited)",
					"@executable_path/Frameworks",
				);
				PRODUCT_BUNDLE_IDENTIFIER = ahmetacar.com.FlightApp;
				PRODUCT_NAME = "$(TARGET_NAME)";
				SWIFT_VERSION = 5.0;
				TARGETED_DEVICE_FAMILY = "1,2";
			};
			name = Release;
		};
/* End XCBuildConfiguration section */

/* Begin XCConfigurationList section */
		72F1CD1D2670D77700D3ACEC /* Build configuration list for PBXProject "FlightApp" */ = {
			isa = XCConfigurationList;
			buildConfigurations = (
				72F1CD342670D77B00D3ACEC /* Debug */,
				72F1CD352670D77B00D3ACEC /* Release */,
			);
			defaultConfigurationIsVisible = 0;
			defaultConfigurationName = Release;
		};
		72F1CD362670D77B00D3ACEC /* Build configuration list for PBXNativeTarget "FlightApp" */ = {
			isa = XCConfigurationList;
			buildConfigurations = (
				72F1CD372670D77B00D3ACEC /* Debug */,
				72F1CD382670D77B00D3ACEC /* Release */,
			);
			defaultConfigurationIsVisible = 0;
			defaultConfigurationName = Release;
		};
/* End XCConfigurationList section */
	};
	rootObject = 72F1CD1A2670D77700D3ACEC /* Project object */;
}
